
Microsoft Visual Studio Solution File, Format Version 12.00
# Visual Studio Version 16
VisualStudioVersion = 16.0.31624.102
MinimumVisualStudioVersion = 10.0.40219.1
Project("{FAE04EC0-301F-11D3-BF4B-00C04F79EFBC}") = "Exercicio 2", "Exercicio 2\Exercicio 2.csproj", "{294185E9-14C4-4187-B268-F57CAC8994AF}"
EndProject
Global
	GlobalSection(SolutionConfigurationPlatforms) = preSolution
		Debug|Any CPU = Debug|Any CPU
		Release|Any CPU = Release|Any CPU
	EndGlobalSection
	GlobalSection(ProjectConfigurationPlatforms) = postSolution
		{294185E9-14C4-4187-B268-F57CAC8994AF}.Debug|Any CPU.ActiveCfg = Debug|Any CPU
		{294185E9-14C4-4187-B268-F57CAC8994AF}.Debug|Any CPU.Build.0 = Debug|Any CPU
		{294185E9-14C4-4187-B268-F57CAC8994AF}.Release|Any CPU.ActiveCfg = Release|Any CPU
		{294185E9-14C4-4187-B268-F57CAC8994AF}.Release|Any CPU.Build.0 = Release|Any CPU
	EndGlobalSection
	GlobalSection(SolutionProperties) = preSolution
		HideSolutionNode = FALSE
	EndGlobalSection
	GlobalSection(ExtensibilityGlobals) = postSolution
		SolutionGuid = {B0E1F3E4-0FE5-4FB2-A127-45FDE0047631}
	EndGlobalSection
EndGlobal
